
Microsoft Visual Studio Solution File, Format Version 12.00
# Visual Studio Version 17
VisualStudioVersion = 17.0.31903.59
MinimumVisualStudioVersion = 10.0.40219.1
Project("{FAE04EC0-301F-11D3-BF4B-00C04F79EFBC}") = "GestionDeSeguros.Aplicacion", "GestionDeSeguros.Aplicacion\GestionDeSeguros.Aplicacion.csproj", "{ABBACFAF-AA12-4283-8974-0309AD32E516}"
EndProject
Project("{FAE04EC0-301F-11D3-BF4B-00C04F79EFBC}") = "GestionDeSeguros.Repositorios", "GestionDeSeguros.Repositorios\GestionDeSeguros.Repositorios.csproj", "{3273C179-5330-487A-B8B1-97569623BF72}"
EndProject
Project("{FAE04EC0-301F-11D3-BF4B-00C04F79EFBC}") = "GestionDeSeguros.UI", "GestionDeSeguros.UI\GestionDeSeguros.UI.csproj", "{11A78E64-0DD3-4C06-9405-CB57CBC944E7}"
EndProject
Global
	GlobalSection(SolutionConfigurationPlatforms) = preSolution
		Debug|Any CPU = Debug|Any CPU
		Release|Any CPU = Release|Any CPU
	EndGlobalSection
	GlobalSection(SolutionProperties) = preSolution
		HideSolutionNode = FALSE
	EndGlobalSection
	GlobalSection(ProjectConfigurationPlatforms) = postSolution
		{ABBACFAF-AA12-4283-8974-0309AD32E516}.Debug|Any CPU.ActiveCfg = Debug|Any CPU
		{ABBACFAF-AA12-4283-8974-0309AD32E516}.Debug|Any CPU.Build.0 = Debug|Any CPU
		{ABBACFAF-AA12-4283-8974-0309AD32E516}.Release|Any CPU.ActiveCfg = Release|Any CPU
		{ABBACFAF-AA12-4283-8974-0309AD32E516}.Release|Any CPU.Build.0 = Release|Any CPU
		{3273C179-5330-487A-B8B1-97569623BF72}.Debug|Any CPU.ActiveCfg = Debug|Any CPU
		{3273C179-5330-487A-B8B1-97569623BF72}.Debug|Any CPU.Build.0 = Debug|Any CPU
		{3273C179-5330-487A-B8B1-97569623BF72}.Release|Any CPU.ActiveCfg = Release|Any CPU
		{3273C179-5330-487A-B8B1-97569623BF72}.Release|Any CPU.Build.0 = Release|Any CPU
		{11A78E64-0DD3-4C06-9405-CB57CBC944E7}.Debug|Any CPU.ActiveCfg = Debug|Any CPU
		{11A78E64-0DD3-4C06-9405-CB57CBC944E7}.Debug|Any CPU.Build.0 = Debug|Any CPU
		{11A78E64-0DD3-4C06-9405-CB57CBC944E7}.Release|Any CPU.ActiveCfg = Release|Any CPU
		{11A78E64-0DD3-4C06-9405-CB57CBC944E7}.Release|Any CPU.Build.0 = Release|Any CPU
	EndGlobalSection
EndGlobal
